
Microsoft Visual Studio Solution File, Format Version 12.00
# Visual Studio Version 16
VisualStudioVersion = 16.0.28803.202
MinimumVisualStudioVersion = 10.0.40219.1
Project("{9A19103F-16F7-4668-BE54-9A1E7A4F7556}") = "ExtendableEnums", "ExtendableEnums\ExtendableEnums.csproj", "{F1480E33-BFD8-4818-B028-6EC1DC73A6B2}"
EndProject
Project("{9A19103F-16F7-4668-BE54-9A1E7A4F7556}") = "ExtendableEnums.UnitTests", "ExtendableEnums.UnitTests\ExtendableEnums.UnitTests.csproj", "{6401EF15-346C-4DA9-985E-716D73446CB2}"
EndProject
Project("{2150E333-8FDC-42A3-9474-1A3956D46DE8}") = "Solution Items", "Solution Items", "{32247F60-42DD-4C36-A777-AFFF96B61C7B}"
	ProjectSection(SolutionItems) = preProject
		CHANGELOG.md = CHANGELOG.md
		ExtendableEnums.ruleset = ExtendableEnums.ruleset
		LICENSE = LICENSE
		README.md = README.md
	EndProjectSection
EndProject
Project("{9A19103F-16F7-4668-BE54-9A1E7A4F7556}") = "ExtendableEnums.TestHost", "ExtendableEnums.TestHost\ExtendableEnums.TestHost.csproj", "{971D9127-EE1C-40D0-B40D-AD2096C92E2C}"
EndProject
Project("{9A19103F-16F7-4668-BE54-9A1E7A4F7556}") = "ExtendableEnums.Testing.Models", "ExtendableEnums.Testing.Models\ExtendableEnums.Testing.Models.csproj", "{6E0C392C-BCF6-4076-B270-0F572F13997B}"
EndProject
Project("{9A19103F-16F7-4668-BE54-9A1E7A4F7556}") = "ExtendableEnums.Simple.OData.Client", "ExtendableEnums.Simple.OData.Client\ExtendableEnums.Simple.OData.Client.csproj", "{7C804B09-DC21-4F69-97FB-A9BDEDFF5F99}"
EndProject
Project("{9A19103F-16F7-4668-BE54-9A1E7A4F7556}") = "ExtendableEnums.Simple.OData.Client.UnitTests", "ExtendableEnums.Simple.OData.Client.UnitTests\ExtendableEnums.Simple.OData.Client.UnitTests.csproj", "{E17E06CA-1E9E-481E-8D37-A58B4522439D}"
EndProject
Project("{9A19103F-16F7-4668-BE54-9A1E7A4F7556}") = "ExtendableEnums.Microsoft.AspNetCore.OData", "ExtendableEnums.Microsoft.AspNetCore.OData\ExtendableEnums.Microsoft.AspNetCore.OData.csproj", "{232D13F8-1D08-495F-AC07-B0B4CA84FF89}"
EndProject
Project("{9A19103F-16F7-4668-BE54-9A1E7A4F7556}") = "ExtendableEnums.Microsoft.AspNetCore", "ExtendableEnums.Microsoft.AspNetCore\ExtendableEnums.Microsoft.AspNetCore.csproj", "{366E2D7D-C7E2-4574-B482-D2BD8FCAA799}"
EndProject
Project("{9A19103F-16F7-4668-BE54-9A1E7A4F7556}") = "ExtendableEnums.Microsoft.AspNetCore.UnitTests", "ExtendableEnums.Microsoft.AspNetCore.UnitTests\ExtendableEnums.Microsoft.AspNetCore.UnitTests.csproj", "{A606A5C0-5174-4A46-876F-A4971D72AFFC}"
EndProject
Project("{9A19103F-16F7-4668-BE54-9A1E7A4F7556}") = "ExtendableEnums.Testing", "ExtendableEnums.Testing\ExtendableEnums.Testing.csproj", "{54597C63-D1D6-4B7C-A37A-F45D95A312E7}"
EndProject
Project("{9A19103F-16F7-4668-BE54-9A1E7A4F7556}") = "ExtendableEnums.LiteDB", "ExtendableEnums.LiteDb\ExtendableEnums.LiteDB.csproj", "{46550387-DBB0-48DA-834E-614F8FC2093C}"
EndProject
Project("{9A19103F-16F7-4668-BE54-9A1E7A4F7556}") = "ExtendableEnums.LiteDB.UnitTests", "ExtendableEnums.LiteDB.UnitTests\ExtendableEnums.LiteDB.UnitTests.csproj", "{AC0C651B-DCDA-4407-8CAB-4092A94A68E0}"
EndProject
Project("{FAE04EC0-301F-11D3-BF4B-00C04F79EFBC}") = "ExtendableEnums.EntityFrameworkCore", "ExtendableEnums.EntityFrameworkCore\ExtendableEnums.EntityFrameworkCore.csproj", "{C6B36FD1-F4E3-4BC0-B67E-CEB910FEA9CA}"
EndProject
Project("{FAE04EC0-301F-11D3-BF4B-00C04F79EFBC}") = "ExtendableEnums.EntityFrameworkCore.UnitTests", "ExtendableEnums.EntityFrameworkCore.UnitTests\ExtendableEnums.EntityFrameworkCore.UnitTests.csproj", "{4F347C16-D5D8-4C60-B22C-F6D6280B1312}"
EndProject
Global
	GlobalSection(SolutionConfigurationPlatforms) = preSolution
		Debug|Any CPU = Debug|Any CPU
		Release|Any CPU = Release|Any CPU
	EndGlobalSection
	GlobalSection(ProjectConfigurationPlatforms) = postSolution
		{F1480E33-BFD8-4818-B028-6EC1DC73A6B2}.Debug|Any CPU.ActiveCfg = Debug|Any CPU
		{F1480E33-BFD8-4818-B028-6EC1DC73A6B2}.Debug|Any CPU.Build.0 = Debug|Any CPU
		{F1480E33-BFD8-4818-B028-6EC1DC73A6B2}.Release|Any CPU.ActiveCfg = Release|Any CPU
		{F1480E33-BFD8-4818-B028-6EC1DC73A6B2}.Release|Any CPU.Build.0 = Release|Any CPU
		{6401EF15-346C-4DA9-985E-716D73446CB2}.Debug|Any CPU.ActiveCfg = Debug|Any CPU
		{6401EF15-346C-4DA9-985E-716D73446CB2}.Debug|Any CPU.Build.0 = Debug|Any CPU
		{6401EF15-346C-4DA9-985E-716D73446CB2}.Release|Any CPU.ActiveCfg = Release|Any CPU
		{6401EF15-346C-4DA9-985E-716D73446CB2}.Release|Any CPU.Build.0 = Release|Any CPU
		{971D9127-EE1C-40D0-B40D-AD2096C92E2C}.Debug|Any CPU.ActiveCfg = Debug|Any CPU
		{971D9127-EE1C-40D0-B40D-AD2096C92E2C}.Debug|Any CPU.Build.0 = Debug|Any CPU
		{971D9127-EE1C-40D0-B40D-AD2096C92E2C}.Release|Any CPU.ActiveCfg = Release|Any CPU
		{971D9127-EE1C-40D0-B40D-AD2096C92E2C}.Release|Any CPU.Build.0 = Release|Any CPU
		{6E0C392C-BCF6-4076-B270-0F572F13997B}.Debug|Any CPU.ActiveCfg = Debug|Any CPU
		{6E0C392C-BCF6-4076-B270-0F572F13997B}.Debug|Any CPU.Build.0 = Debug|Any CPU
		{6E0C392C-BCF6-4076-B270-0F572F13997B}.Release|Any CPU.ActiveCfg = Release|Any CPU
		{6E0C392C-BCF6-4076-B270-0F572F13997B}.Release|Any CPU.Build.0 = Release|Any CPU
		{7C804B09-DC21-4F69-97FB-A9BDEDFF5F99}.Debug|Any CPU.ActiveCfg = Debug|Any CPU
		{7C804B09-DC21-4F69-97FB-A9BDEDFF5F99}.Debug|Any CPU.Build.0 = Debug|Any CPU
		{7C804B09-DC21-4F69-97FB-A9BDEDFF5F99}.Release|Any CPU.ActiveCfg = Release|Any CPU
		{7C804B09-DC21-4F69-97FB-A9BDEDFF5F99}.Release|Any CPU.Build.0 = Release|Any CPU
		{E17E06CA-1E9E-481E-8D37-A58B4522439D}.Debug|Any CPU.ActiveCfg = Debug|Any CPU
		{E17E06CA-1E9E-481E-8D37-A58B4522439D}.Debug|Any CPU.Build.0 = Debug|Any CPU
		{E17E06CA-1E9E-481E-8D37-A58B4522439D}.Release|Any CPU.ActiveCfg = Release|Any CPU
		{E17E06CA-1E9E-481E-8D37-A58B4522439D}.Release|Any CPU.Build.0 = Release|Any CPU
		{232D13F8-1D08-495F-AC07-B0B4CA84FF89}.Debug|Any CPU.ActiveCfg = Debug|Any CPU
		{232D13F8-1D08-495F-AC07-B0B4CA84FF89}.Debug|Any CPU.Build.0 = Debug|Any CPU
		{232D13F8-1D08-495F-AC07-B0B4CA84FF89}.Release|Any CPU.ActiveCfg = Release|Any CPU
		{232D13F8-1D08-495F-AC07-B0B4CA84FF89}.Release|Any CPU.Build.0 = Release|Any CPU
		{366E2D7D-C7E2-4574-B482-D2BD8FCAA799}.Debug|Any CPU.ActiveCfg = Debug|Any CPU
		{366E2D7D-C7E2-4574-B482-D2BD8FCAA799}.Debug|Any CPU.Build.0 = Debug|Any CPU
		{366E2D7D-C7E2-4574-B482-D2BD8FCAA799}.Release|Any CPU.ActiveCfg = Release|Any CPU
		{366E2D7D-C7E2-4574-B482-D2BD8FCAA799}.Release|Any CPU.Build.0 = Release|Any CPU
		{A606A5C0-5174-4A46-876F-A4971D72AFFC}.Debug|Any CPU.ActiveCfg = Debug|Any CPU
		{A606A5C0-5174-4A46-876F-A4971D72AFFC}.Debug|Any CPU.Build.0 = Debug|Any CPU
		{A606A5C0-5174-4A46-876F-A4971D72AFFC}.Release|Any CPU.ActiveCfg = Release|Any CPU
		{A606A5C0-5174-4A46-876F-A4971D72AFFC}.Release|Any CPU.Build.0 = Release|Any CPU
		{54597C63-D1D6-4B7C-A37A-F45D95A312E7}.Debug|Any CPU.ActiveCfg = Debug|Any CPU
		{54597C63-D1D6-4B7C-A37A-F45D95A312E7}.Debug|Any CPU.Build.0 = Debug|Any CPU
		{54597C63-D1D6-4B7C-A37A-F45D95A312E7}.Release|Any CPU.ActiveCfg = Release|Any CPU
		{54597C63-D1D6-4B7C-A37A-F45D95A312E7}.Release|Any CPU.Build.0 = Release|Any CPU
		{46550387-DBB0-48DA-834E-614F8FC2093C}.Debug|Any CPU.ActiveCfg = Debug|Any CPU
		{46550387-DBB0-48DA-834E-614F8FC2093C}.Debug|Any CPU.Build.0 = Debug|Any CPU
		{46550387-DBB0-48DA-834E-614F8FC2093C}.Release|Any CPU.ActiveCfg = Release|Any CPU
		{46550387-DBB0-48DA-834E-614F8FC2093C}.Release|Any CPU.Build.0 = Release|Any CPU
		{AC0C651B-DCDA-4407-8CAB-4092A94A68E0}.Debug|Any CPU.ActiveCfg = Debug|Any CPU
		{AC0C651B-DCDA-4407-8CAB-4092A94A68E0}.Debug|Any CPU.Build.0 = Debug|Any CPU
		{AC0C651B-DCDA-4407-8CAB-4092A94A68E0}.Release|Any CPU.ActiveCfg = Release|Any CPU
		{AC0C651B-DCDA-4407-8CAB-4092A94A68E0}.Release|Any CPU.Build.0 = Release|Any CPU
		{C6B36FD1-F4E3-4BC0-B67E-CEB910FEA9CA}.Debug|Any CPU.ActiveCfg = Debug|Any CPU
		{C6B36FD1-F4E3-4BC0-B67E-CEB910FEA9CA}.Debug|Any CPU.Build.0 = Debug|Any CPU
		{C6B36FD1-F4E3-4BC0-B67E-CEB910FEA9CA}.Release|Any CPU.ActiveCfg = Release|Any CPU
		{C6B36FD1-F4E3-4BC0-B67E-CEB910FEA9CA}.Release|Any CPU.Build.0 = Release|Any CPU
		{4F347C16-D5D8-4C60-B22C-F6D6280B1312}.Debug|Any CPU.ActiveCfg = Debug|Any CPU
		{4F347C16-D5D8-4C60-B22C-F6D6280B1312}.Debug|Any CPU.Build.0 = Debug|Any CPU
		{4F347C16-D5D8-4C60-B22C-F6D6280B1312}.Release|Any CPU.ActiveCfg = Release|Any CPU
		{4F347C16-D5D8-4C60-B22C-F6D6280B1312}.Release|Any CPU.Build.0 = Release|Any CPU
	EndGlobalSection
	GlobalSection(SolutionProperties) = preSolution
		HideSolutionNode = FALSE
	EndGlobalSection
	GlobalSection(ExtensibilityGlobals) = postSolution
		SolutionGuid = {7FDEA9A3-6506-4F3F-9AE6-4BEF21E2F44E}
	EndGlobalSection
EndGlobal
